
Microsoft Visual Studio Solution File, Format Version 12.00
# Visual Studio Version 17
VisualStudioVersion = 17.0.31919.166
MinimumVisualStudioVersion = 10.0.40219.1
Project("{FAE04EC0-301F-11D3-BF4B-00C04F79EFBC}") = "HydroQuebecApi", "HydroQuebecApi\HydroQuebecApi.csproj", "{4824275B-FB10-46E9-87DC-D2242AB7364A}"
EndProject
Project("{FAE04EC0-301F-11D3-BF4B-00C04F79EFBC}") = "Example", "Example\Example.csproj", "{11B92695-6D78-41BC-A534-C55936361E9D}"
EndProject
Global
	GlobalSection(SolutionConfigurationPlatforms) = preSolution
		Debug|Any CPU = Debug|Any CPU
		Release|Any CPU = Release|Any CPU
	EndGlobalSection
	GlobalSection(ProjectConfigurationPlatforms) = postSolution
		{4824275B-FB10-46E9-87DC-D2242AB7364A}.Debug|Any CPU.ActiveCfg = Debug|Any CPU
		{4824275B-FB10-46E9-87DC-D2242AB7364A}.Debug|Any CPU.Build.0 = Debug|Any CPU
		{4824275B-FB10-46E9-87DC-D2242AB7364A}.Release|Any CPU.ActiveCfg = Release|Any CPU
		{4824275B-FB10-46E9-87DC-D2242AB7364A}.Release|Any CPU.Build.0 = Release|Any CPU
		{11B92695-6D78-41BC-A534-C55936361E9D}.Debug|Any CPU.ActiveCfg = Debug|Any CPU
		{11B92695-6D78-41BC-A534-C55936361E9D}.Debug|Any CPU.Build.0 = Debug|Any CPU
		{11B92695-6D78-41BC-A534-C55936361E9D}.Release|Any CPU.ActiveCfg = Release|Any CPU
		{11B92695-6D78-41BC-A534-C55936361E9D}.Release|Any CPU.Build.0 = Release|Any CPU
	EndGlobalSection
	GlobalSection(SolutionProperties) = preSolution
		HideSolutionNode = FALSE
	EndGlobalSection
	GlobalSection(ExtensibilityGlobals) = postSolution
		SolutionGuid = {1E50ED03-074A-4099-8415-B3851A67DDC5}
	EndGlobalSection
EndGlobal
